// !$*UTF8*$!
{
	archiveVersion = 1;
	classes = {
	};
	objectVersion = 46;
	objects = {

/* Begin PBXBuildFile section */
		DC27C28C1C95A9BA000D046C /* AppDelegate.swift in Sources */ = {isa = PBXBuildFile; fileRef = DC27C28B1C95A9BA000D046C /* AppDelegate.swift */; };
		DC27C28E1C95A9BA000D046C /* LoginViewController.swift in Sources */ = {isa = PBXBuildFile; fileRef = DC27C28D1C95A9BA000D046C /* LoginViewController.swift */; };
		DC27C2911C95A9BA000D046C /* Main.storyboard in Resources */ = {isa = PBXBuildFile; fileRef = DC27C28F1C95A9BA000D046C /* Main.storyboard */; };
		DC27C2931C95A9BA000D046C /* Assets.xcassets in Resources */ = {isa = PBXBuildFile; fileRef = DC27C2921C95A9BA000D046C /* Assets.xcassets */; };
		DC27C2961C95A9BA000D046C /* LaunchScreen.storyboard in Resources */ = {isa = PBXBuildFile; fileRef = DC27C2941C95A9BA000D046C /* LaunchScreen.storyboard */; };
		DC2EBA9F1C9A33EB00D0EBBC /* UserTableViewController.swift in Sources */ = {isa = PBXBuildFile; fileRef = DC2EBA9E1C9A33EB00D0EBBC /* UserTableViewController.swift */; };
		DC2F8D4F1C9F92B000301844 /* StudentMapViewController.swift in Sources */ = {isa = PBXBuildFile; fileRef = DC2F8D4E1C9F92AF00301844 /* StudentMapViewController.swift */; };
		DC47A4321C9D900B00959A3D /* StudentInfoService.swift in Sources */ = {isa = PBXBuildFile; fileRef = DC47A4311C9D900B00959A3D /* StudentInfoService.swift */; };
		DCD5E2381C97B17600898E66 /* Student.swift in Sources */ = {isa = PBXBuildFile; fileRef = DCD5E2371C97B17600898E66 /* Student.swift */; };
/* End PBXBuildFile section */

/* Begin PBXFileReference section */
		DC27C2881C95A9B9000D046C /* OnTheMap.app */ = {isa = PBXFileReference; explicitFileType = wrapper.application; includeInIndex = 0; path = OnTheMap.app; sourceTree = BUILT_PRODUCTS_DIR; };
		DC27C28B1C95A9BA000D046C /* AppDelegate.swift */ = {isa = PBXFileReference; lastKnownFileType = sourcecode.swift; path = AppDelegate.swift; sourceTree = "<group>"; };
		DC27C28D1C95A9BA000D046C /* LoginViewController.swift */ = {isa = PBXFileReference; lastKnownFileType = sourcecode.swift; path = LoginViewController.swift; sourceTree = "<group>"; };
		DC27C2901C95A9BA000D046C /* Base */ = {isa = PBXFileReference; lastKnownFileType = file.storyboard; name = Base; path = Base.lproj/Main.storyboard; sourceTree = "<group>"; };
		DC27C2921C95A9BA000D046C /* Assets.xcassets */ = {isa = PBXFileReference; lastKnownFileType = folder.assetcatalog; path = Assets.xcassets; sourceTree = "<group>"; };
		DC27C2951C95A9BA000D046C /* Base */ = {isa = PBXFileReference; lastKnownFileType = file.storyboard; name = Base; path = Base.lproj/LaunchScreen.storyboard; sourceTree = "<group>"; };
		DC27C2971C95A9BA000D046C /* Info.plist */ = {isa = PBXFileReference; lastKnownFileType = text.plist.xml; path = Info.plist; sourceTree = "<group>"; };
		DC2EBA9E1C9A33EB00D0EBBC /* UserTableViewController.swift */ = {isa = PBXFileReference; fileEncoding = 4; lastKnownFileType = sourcecode.swift; path = UserTableViewController.swift; sourceTree = "<group>"; };
		DC2F8D4E1C9F92AF00301844 /* StudentMapViewController.swift */ = {isa = PBXFileReference; fileEncoding = 4; lastKnownFileType = sourcecode.swift; path = StudentMapViewController.swift; sourceTree = "<group>"; };
		DC47A4311C9D900B00959A3D /* StudentInfoService.swift */ = {isa = PBXFileReference; fileEncoding = 4; lastKnownFileType = sourcecode.swift; path = StudentInfoService.swift; sourceTree = "<group>"; };
		DCD5E2371C97B17600898E66 /* Student.swift */ = {isa = PBXFileReference; fileEncoding = 4; lastKnownFileType = sourcecode.swift; path = Student.swift; sourceTree = "<group>"; };
/* End PBXFileReference section */

/* Begin PBXFrameworksBuildPhase section */
		DC27C2851C95A9B9000D046C /* Frameworks */ = {
			isa = PBXFrameworksBuildPhase;
			buildActionMask = 2147483647;
			files = (
			);
			runOnlyForDeploymentPostprocessing = 0;
		};
/* End PBXFrameworksBuildPhase section */

/* Begin PBXGroup section */
		DC27C27F1C95A9B9000D046C = {
			isa = PBXGroup;
			children = (
				DC27C28A1C95A9B9000D046C /* OnTheMap */,
				DC27C2891C95A9B9000D046C /* Products */,
			);
			sourceTree = "<group>";
		};
		DC27C2891C95A9B9000D046C /* Products */ = {
			isa = PBXGroup;
			children = (
				DC27C2881C95A9B9000D046C /* OnTheMap.app */,
			);
			name = Products;
			sourceTree = "<group>";
		};
		DC27C28A1C95A9B9000D046C /* OnTheMap */ = {
			isa = PBXGroup;
			children = (
				DC27C28B1C95A9BA000D046C /* AppDelegate.swift */,
				DC27C28D1C95A9BA000D046C /* LoginViewController.swift */,
				DC47A4311C9D900B00959A3D /* StudentInfoService.swift */,
				DC2F8D4E1C9F92AF00301844 /* StudentMapViewController.swift */,
				DCD5E2371C97B17600898E66 /* Student.swift */,
				DC27C28F1C95A9BA000D046C /* Main.storyboard */,
				DC2EBA9E1C9A33EB00D0EBBC /* UserTableViewController.swift */,
				DC27C2921C95A9BA000D046C /* Assets.xcassets */,
				DC27C2941C95A9BA000D046C /* LaunchScreen.storyboard */,
				DC27C2971C95A9BA000D046C /* Info.plist */,
			);
			path = OnTheMap;
			sourceTree = "<group>";
		};
/* End PBXGroup section */

/* Begin PBXNativeTarget section */
		DC27C2871C95A9B9000D046C /* OnTheMap */ = {
			isa = PBXNativeTarget;
			buildConfigurationList = DC27C29A1C95A9BA000D046C /* Build configuration list for PBXNativeTarget "OnTheMap" */;
			buildPhases = (
				DC27C2841C95A9B9000D046C /* Sources */,
				DC27C2851C95A9B9000D046C /* Frameworks */,
				DC27C2861C95A9B9000D046C /* Resources */,
			);
			buildRules = (
			);
			dependencies = (
			);
			name = OnTheMap;
			productName = OnTheMap;
			productReference = DC27C2881C95A9B9000D046C /* OnTheMap.app */;
			productType = "com.apple.product-type.application";
		};
/* End PBXNativeTarget section */

/* Begin PBXProject section */
		DC27C2801C95A9B9000D046C /* Project object */ = {
			isa = PBXProject;
			attributes = {
				LastSwiftUpdateCheck = 0720;
				LastUpgradeCheck = 0720;
				ORGANIZATIONNAME = "ying yang";
				TargetAttributes = {
					DC27C2871C95A9B9000D046C = {
						CreatedOnToolsVersion = 7.2;
					};
				};
			};
			buildConfigurationList = DC27C2831C95A9B9000D046C /* Build configuration list for PBXProject "OnTheMap" */;
			compatibilityVersion = "Xcode 3.2";
			developmentRegion = English;
			hasScannedForEncodings = 0;
			knownRegions = (
				en,
				Base,
			);
			mainGroup = DC27C27F1C95A9B9000D046C;
			productRefGroup = DC27C2891C95A9B9000D046C /* Products */;
			projectDirPath = "";
			projectRoot = "";
			targets = (
				DC27C2871C95A9B9000D046C /* OnTheMap */,
			);
		};
/* End PBXProject section */

/* Begin PBXResourcesBuildPhase section */
		DC27C2861C95A9B9000D046C /* Resources */ = {
			isa = PBXResourcesBuildPhase;
			buildActionMask = 2147483647;
			files = (
				DC27C2961C95A9BA000D046C /* LaunchScreen.storyboard in Resources */,
				DC27C2931C95A9BA000D046C /* Assets.xcassets in Resources */,
				DC27C2911C95A9BA000D046C /* Main.storyboard in Resources */,
			);
			runOnlyForDeploymentPostprocessing = 0;
		};
/* End PBXResourcesBuildPhase section */

/* Begin PBXSourcesBuildPhase section */
		DC27C2841C95A9B9000D046C /* Sources */ = {
			isa = PBXSourcesBuildPhase;
			buildActionMask = 2147483647;
			files = (
				DC47A4321C9D900B00959A3D /* StudentInfoService.swift in Sources */,
				DC2F8D4F1C9F92B000301844 /* StudentMapViewController.swift in Sources */,
				DC27C28E1C95A9BA000D046C /* LoginViewController.swift in Sources */,
				DCD5E2381C97B17600898E66 /* Student.swift in Sources */,
				DC2EBA9F1C9A33EB00D0EBBC /* UserTableViewController.swift in Sources */,
				DC27C28C1C95A9BA000D046C /* AppDelegate.swift in Sources */,
			);
			runOnlyForDeploymentPostprocessing = 0;
		};
/* End PBXSourcesBuildPhase section */

/* Begin PBXVariantGroup section */
		DC27C28F1C95A9BA000D046C /* Main.storyboard */ = {
			isa = PBXVariantGroup;
			children = (
				DC27C2901C95A9BA000D046C /* Base */,
			);
			name = Main.storyboard;
			sourceTree = "<group>";
		};
		DC27C2941C95A9BA000D046C /* LaunchScreen.storyboard */ = {
			isa = PBXVariantGroup;
			children = (
				DC27C2951C95A9BA000D046C /* Base */,
			);
			name = LaunchScreen.storyboard;
			sourceTree = "<group>";
		};
/* End PBXVariantGroup section */

/* Begin XCBuildConfiguration section */
		DC27C2981C95A9BA000D046C /* Debug */ = {
			isa = XCBuildConfiguration;
			buildSettings = {
				ALWAYS_SEARCH_USER_PATHS = NO;
				CLANG_CXX_LANGUAGE_STANDARD = "gnu++0x";
				CLANG_CXX_LIBRARY = "libc++";
				CLANG_ENABLE_MODULES = YES;
				CLANG_ENABLE_OBJC_ARC = YES;
				CLANG_WARN_BOOL_CONVERSION = YES;
				CLANG_WARN_CONSTANT_CONVERSION = YES;
				CLANG_WARN_DIRECT_OBJC_ISA_USAGE = YES_ERROR;
				CLANG_WARN_EMPTY_BODY = YES;
				CLANG_WARN_ENUM_CONVERSION = YES;
				CLANG_WARN_INT_CONVERSION = YES;
				CLANG_WARN_OBJC_ROOT_CLASS = YES_ERROR;
				CLANG_WARN_UNREACHABLE_CODE = YES;
				CLANG_WARN__DUPLICATE_METHOD_MATCH = YES;
				"CODE_SIGN_IDENTITY[sdk=iphoneos*]" = "iPhone Developer";
				COPY_PHASE_STRIP = NO;
				DEBUG_INFORMATION_FORMAT = dwarf;
				ENABLE_STRICT_OBJC_MSGSEND = YES;
				ENABLE_TESTABILITY = YES;
				GCC_C_LANGUAGE_STANDARD = gnu99;
				GCC_DYNAMIC_NO_PIC = NO;
				GCC_NO_COMMON_BLOCKS = YES;
				GCC_OPTIMIZATION_LEVEL = 0;
				GCC_PREPROCESSOR_DEFINITIONS = (
					"DEBUG=1",
					"$(inherited)",
				);
				GCC_WARN_64_TO_32_BIT_CONVERSION = YES;
				GCC_WARN_ABOUT_RETURN_TYPE = YES_ERROR;
				GCC_WARN_UNDECLARED_SELECTOR = YES;
				GCC_WARN_UNINITIALIZED_AUTOS = YES_AGGRESSIVE;
				GCC_WARN_UNUSED_FUNCTION = YES;
				GCC_WARN_UNUSED_VARIABLE = YES;
				IPHONEOS_DEPLOYMENT_TARGET = 9.2;
				MTL_ENABLE_DEBUG_INFO = YES;
				ONLY_ACTIVE_ARCH = YES;
				SDKROOT = iphoneos;
				SWIFT_OPTIMIZATION_LEVEL = "-Onone";
			};
			name = Debug;
		};
		DC27C2991C95A9BA000D046C /* Release */ = {
			isa = XCBuildConfiguration;
			buildSettings = {
				ALWAYS_SEARCH_USER_PATHS = NO;
				CLANG_CXX_LANGUAGE_STANDARD = "gnu++0x";
				CLANG_CXX_LIBRARY = "libc++";
				CLANG_ENABLE_MODULES = YES;
				CLANG_ENABLE_OBJC_ARC = YES;
				CLANG_WARN_BOOL_CONVERSION = YES;
				CLANG_WARN_CONSTANT_CONVERSION = YES;
				CLANG_WARN_DIRECT_OBJC_ISA_USAGE = YES_ERROR;
				CLANG_WARN_EMPTY_BODY = YES;
				CLANG_WARN_ENUM_CONVERSION = YES;
				CLANG_WARN_INT_CONVERSION = YES;
				CLANG_WARN_OBJC_ROOT_CLASS = YES_ERROR;
				CLANG_WARN_UNREACHABLE_CODE = YES;
				CLANG_WARN__DUPLICATE_METHOD_MATCH = YES;
				"CODE_SIGN_IDENTITY[sdk=iphoneos*]" = "iPhone Developer";
				COPY_PHASE_STRIP = NO;
				DEBUG_INFORMATION_FORMAT = "dwarf-with-dsym";
				ENABLE_NS_ASSERTIONS = NO;
				ENABLE_STRICT_OBJC_MSGSEND = YES;
				GCC_C_LANGUAGE_STANDARD = gnu99;
				GCC_NO_COMMON_BLOCKS = YES;
				GCC_WARN_64_TO_32_BIT_CONVERSION = YES;
				GCC_WARN_ABOUT_RETURN_TYPE = YES_ERROR;
				GCC_WARN_UNDECLARED_SELECTOR = YES;
				GCC_WARN_UNINITIALIZED_AUTOS = YES_AGGRESSIVE;
				GCC_WARN_UNUSED_FUNCTION = YES;
				GCC_WARN_UNUSED_VARIABLE = YES;
				IPHONEOS_DEPLOYMENT_TARGET = 9.2;
				MTL_ENABLE_DEBUG_INFO = NO;
				SDKROOT = iphoneos;
				VALIDATE_PRODUCT = YES;
			};
			name = Release;
		};
		DC27C29B1C95A9BA000D046C /* Debug */ = {
			isa = XCBuildConfiguration;
			buildSettings = {
				ASSETCATALOG_COMPILER_APPICON_NAME = AppIcon;
				INFOPLIST_FILE = OnTheMap/Info.plist;
				LD_RUNPATH_SEARCH_PATHS = "$(inherited) @executable_path/Frameworks";
				PRODUCT_BUNDLE_IDENTIFIER = yy.OnTheMap;
				PRODUCT_NAME = "$(TARGET_NAME)";
			};
			name = Debug;
		};
		DC27C29C1C95A9BA000D046C /* Release */ = {
			isa = XCBuildConfiguration;
			buildSettings = {
				ASSETCATALOG_COMPILER_APPICON_NAME = AppIcon;
				INFOPLIST_FILE = OnTheMap/Info.plist;
				LD_RUNPATH_SEARCH_PATHS = "$(inherited) @executable_path/Frameworks";
				PRODUCT_BUNDLE_IDENTIFIER = yy.OnTheMap;
				PRODUCT_NAME = "$(TARGET_NAME)";
			};
			name = Release;
		};
/* End XCBuildConfiguration section */

/* Begin XCConfigurationList section */
		DC27C2831C95A9B9000D046C /* Build configuration list for PBXProject "OnTheMap" */ = {
			isa = XCConfigurationList;
			buildConfigurations = (
				DC27C2981C95A9BA000D046C /* Debug */,
				DC27C2991C95A9BA000D046C /* Release */,
			);
			defaultConfigurationIsVisible = 0;
			defaultConfigurationName = Release;
		};
		DC27C29A1C95A9BA000D046C /* Build configuration list for PBXNativeTarget "OnTheMap" */ = {
			isa = XCConfigurationList;
			buildConfigurations = (
				DC27C29B1C95A9BA000D046C /* Debug */,
				DC27C29C1C95A9BA000D046C /* Release */,
			);
			defaultConfigurationIsVisible = 0;
			defaultConfigurationName = Release;
		};
/* End XCConfigurationList section */
	};
	rootObject = DC27C2801C95A9B9000D046C /* Project object */;
}
